
Microsoft Visual Studio Solution File, Format Version 12.00
# Visual Studio Version 16
VisualStudioVersion = 16.0.30907.101
MinimumVisualStudioVersion = 10.0.40219.1
Project("{FAE04EC0-301F-11D3-BF4B-00C04F79EFBC}") = "ResourcesDemo", "ResourcesDemo\ResourcesDemo.csproj", "{927DC00A-707E-4B2C-846D-A70AE1521F4B}"
EndProject
Global
	GlobalSection(SolutionConfigurationPlatforms) = preSolution
		Debug|Any CPU = Debug|Any CPU
		Release|Any CPU = Release|Any CPU
	EndGlobalSection
	GlobalSection(ProjectConfigurationPlatforms) = postSolution
		{927DC00A-707E-4B2C-846D-A70AE1521F4B}.Debug|Any CPU.ActiveCfg = Debug|Any CPU
		{927DC00A-707E-4B2C-846D-A70AE1521F4B}.Debug|Any CPU.Build.0 = Debug|Any CPU
		{927DC00A-707E-4B2C-846D-A70AE1521F4B}.Release|Any CPU.ActiveCfg = Release|Any CPU
		{927DC00A-707E-4B2C-846D-A70AE1521F4B}.Release|Any CPU.Build.0 = Release|Any CPU
	EndGlobalSection
	GlobalSection(SolutionProperties) = preSolution
		HideSolutionNode = FALSE
	EndGlobalSection
	GlobalSection(ExtensibilityGlobals) = postSolution
		SolutionGuid = {49520CE6-5604-4B65-A1F9-56BA91D58389}
	EndGlobalSection
EndGlobal
